{
  "name": "cxml",
  "version": "0.1.1",
  "lockfileVersion": 1,
  "requires": true,
  "dependencies": {
    "@types/bluebird": {
      "version": "3.0.37",
      "resolved": "https://registry.npmjs.org/@types/bluebird/-/bluebird-3.0.37.tgz",
      "integrity": "sha1-LnazlKqb6kDQQkGjHAiHomAoM4g="
    },
    "@types/node": {
      "version": "7.0.63",
      "resolved": "https://registry.npmjs.org/@types/node/-/node-7.0.63.tgz",
      "integrity": "sha512-YPVhjU3cADo7M7M1KWeEki9MUMZd3yz5FLq0BXkPrY2jpr0B9VRd4iQ2vBSiLrjvLkIPPluzxQFYJ5JkGubtIw=="
    },
    "@types/sax": {
      "version": "0.0.28",
      "resolved": "https://registry.npmjs.org/@types/sax/-/sax-0.0.28.tgz",
      "integrity": "sha1-CLwr7XaX+XsPNFoLpdk+XxY8ieI=",
      "requires": {
        "@types/node": "7.0.63"
      }
    },
    "bluebird": {
      "version": "3.5.1",
      "resolved": "https://registry.npmjs.org/bluebird/-/bluebird-3.5.1.tgz",
      "integrity": "sha512-MKiLiV+I1AA596t9w1sQJ8jkiSr5+ZKi0WKrYGUn6d1Fx+Ij4tIj+m2WMQSGczs5jZVxV339chE8iwk6F64wjA=="
    },
    "sax": {
      "version": "1.2.4",
      "resolved": "https://registry.npmjs.org/sax/-/sax-1.2.4.tgz",
      "integrity": "sha512-NqVDv9TpANUjFm0N8uM5GxL36UgKi9/atZw+x7YFnQ8ckwFGKrl4xX4yWtrey3UJm5nP1kUbnYgLopqWNSRhWw=="
    },
    "typescript": {
      "version": "2.1.5",
      "resolved": "https://registry.npmjs.org/typescript/-/typescript-2.1.5.tgz",
      "integrity": "sha1-b+lHngDgGFUkfOohbnVhuvzbzUo=",
      "dev": true
    }
  }
}
